// !$*UTF8*$!
{
	archiveVersion = 1;
	classes = {
	};
	objectVersion = 46;
	objects = {

/* Begin PBXBuildFile section */
		98E8479A1E9E18D5001972E8 /* AppDelegate.swift in Sources */ = {isa = PBXBuildFile; fileRef = 98E847991E9E18D5001972E8 /* AppDelegate.swift */; };
		98E8479C1E9E18D5001972E8 /* ViewController.swift in Sources */ = {isa = PBXBuildFile; fileRef = 98E8479B1E9E18D5001972E8 /* ViewController.swift */; };
		98E8479F1E9E18D5001972E8 /* Main.storyboard in Resources */ = {isa = PBXBuildFile; fileRef = 98E8479D1E9E18D5001972E8 /* Main.storyboard */; };
		98E847A11E9E18D5001972E8 /* Assets.xcassets in Resources */ = {isa = PBXBuildFile; fileRef = 98E847A01E9E18D5001972E8 /* Assets.xcassets */; };
		98E847A41E9E18D5001972E8 /* LaunchScreen.storyboard in Resources */ = {isa = PBXBuildFile; fileRef = 98E847A21E9E18D5001972E8 /* LaunchScreen.storyboard */; };
/* End PBXBuildFile section */

/* Begin PBXFileReference section */
		98E847961E9E18D5001972E8 /* SOADemo.app */ = {isa = PBXFileReference; explicitFileType = wrapper.application; includeInIndex = 0; path = SOADemo.app; sourceTree = BUILT_PRODUCTS_DIR; };
		98E847991E9E18D5001972E8 /* AppDelegate.swift */ = {isa = PBXFileReference; lastKnownFileType = sourcecode.swift; path = AppDelegate.swift; sourceTree = "<group>"; };
		98E8479B1E9E18D5001972E8 /* ViewController.swift */ = {isa = PBXFileReference; lastKnownFileType = sourcecode.swift; path = ViewController.swift; sourceTree = "<group>"; };
		98E8479E1E9E18D5001972E8 /* Base */ = {isa = PBXFileReference; lastKnownFileType = file.storyboard; name = Base; path = Base.lproj/Main.storyboard; sourceTree = "<group>"; };
		98E847A01E9E18D5001972E8 /* Assets.xcassets */ = {isa = PBXFileReference; lastKnownFileType = folder.assetcatalog; path = Assets.xcassets; sourceTree = "<group>"; };
		98E847A31E9E18D5001972E8 /* Base */ = {isa = PBXFileReference; lastKnownFileType = file.storyboard; name = Base; path = Base.lproj/LaunchScreen.storyboard; sourceTree = "<group>"; };
		98E847A51E9E18D5001972E8 /* Info.plist */ = {isa = PBXFileReference; lastKnownFileType = text.plist.xml; path = Info.plist; sourceTree = "<group>"; };
/* End PBXFileReference section */

/* Begin PBXFrameworksBuildPhase section */
		98E847931E9E18D5001972E8 /* Frameworks */ = {
			isa = PBXFrameworksBuildPhase;
			buildActionMask = 2147483647;
			files = (
			);
			runOnlyForDeploymentPostprocessing = 0;
		};
/* End PBXFrameworksBuildPhase section */

/* Begin PBXGroup section */
		98E8478D1E9E18D5001972E8 = {
			isa = PBXGroup;
			children = (
				98E847981E9E18D5001972E8 /* SOADemo */,
				98E847971E9E18D5001972E8 /* Products */,
			);
			sourceTree = "<group>";
		};
		98E847971E9E18D5001972E8 /* Products */ = {
			isa = PBXGroup;
			children = (
				98E847961E9E18D5001972E8 /* SOADemo.app */,
			);
			name = Products;
			sourceTree = "<group>";
		};
		98E847981E9E18D5001972E8 /* SOADemo */ = {
			isa = PBXGroup;
			children = (
				98E847991E9E18D5001972E8 /* AppDelegate.swift */,
				98E8479B1E9E18D5001972E8 /* ViewController.swift */,
				98E8479D1E9E18D5001972E8 /* Main.storyboard */,
				98E847A01E9E18D5001972E8 /* Assets.xcassets */,
				98E847A21E9E18D5001972E8 /* LaunchScreen.storyboard */,
				98E847A51E9E18D5001972E8 /* Info.plist */,
			);
			path = SOADemo;
			sourceTree = "<group>";
		};
/* End PBXGroup section */

/* Begin PBXNativeTarget section */
		98E847951E9E18D5001972E8 /* SOADemo */ = {
			isa = PBXNativeTarget;
			buildConfigurationList = 98E847A81E9E18D5001972E8 /* Build configuration list for PBXNativeTarget "SOADemo" */;
			buildPhases = (
				98E847921E9E18D5001972E8 /* Sources */,
				98E847931E9E18D5001972E8 /* Frameworks */,
				98E847941E9E18D5001972E8 /* Resources */,
			);
			buildRules = (
			);
			dependencies = (
			);
			name = SOADemo;
			productName = SOADemo;
			productReference = 98E847961E9E18D5001972E8 /* SOADemo.app */;
			productType = "com.apple.product-type.application";
		};
/* End PBXNativeTarget section */

/* Begin PBXProject section */
		98E8478E1E9E18D5001972E8 /* Project object */ = {
			isa = PBXProject;
			attributes = {
				LastSwiftUpdateCheck = 0830;
				LastUpgradeCheck = 0830;
				ORGANIZATIONNAME = a.y.zverev;
				TargetAttributes = {
					98E847951E9E18D5001972E8 = {
						CreatedOnToolsVersion = 8.3.1;
						DevelopmentTeam = 6P37W573QG;
						ProvisioningStyle = Automatic;
					};
				};
			};
			buildConfigurationList = 98E847911E9E18D5001972E8 /* Build configuration list for PBXProject "SOADemo" */;
			compatibilityVersion = "Xcode 3.2";
			developmentRegion = English;
			hasScannedForEncodings = 0;
			knownRegions = (
				en,
				Base,
			);
			mainGroup = 98E8478D1E9E18D5001972E8;
			productRefGroup = 98E847971E9E18D5001972E8 /* Products */;
			projectDirPath = "";
			projectRoot = "";
			targets = (
				98E847951E9E18D5001972E8 /* SOADemo */,
			);
		};
/* End PBXProject section */

/* Begin PBXResourcesBuildPhase section */
		98E847941E9E18D5001972E8 /* Resources */ = {
			isa = PBXResourcesBuildPhase;
			buildActionMask = 2147483647;
			files = (
				98E847A41E9E18D5001972E8 /* LaunchScreen.storyboard in Resources */,
				98E847A11E9E18D5001972E8 /* Assets.xcassets in Resources */,
				98E8479F1E9E18D5001972E8 /* Main.storyboard in Resources */,
			);
			runOnlyForDeploymentPostprocessing = 0;
		};
/* End PBXResourcesBuildPhase section */

/* Begin PBXSourcesBuildPhase section */
		98E847921E9E18D5001972E8 /* Sources */ = {
			isa = PBXSourcesBuildPhase;
			buildActionMask = 2147483647;
			files = (
				98E8479C1E9E18D5001972E8 /* ViewController.swift in Sources */,
				98E8479A1E9E18D5001972E8 /* AppDelegate.swift in Sources */,
			);
			runOnlyForDeploymentPostprocessing = 0;
		};
/* End PBXSourcesBuildPhase section */

/* Begin PBXVariantGroup section */
		98E8479D1E9E18D5001972E8 /* Main.storyboard */ = {
			isa = PBXVariantGroup;
			children = (
				98E8479E1E9E18D5001972E8 /* Base */,
			);
			name = Main.storyboard;
			sourceTree = "<group>";
		};
		98E847A21E9E18D5001972E8 /* LaunchScreen.storyboard */ = {
			isa = PBXVariantGroup;
			children = (
				98E847A31E9E18D5001972E8 /* Base */,
			);
			name = LaunchScreen.storyboard;
			sourceTree = "<group>";
		};
/* End PBXVariantGroup section */

/* Begin XCBuildConfiguration section */
		98E847A61E9E18D5001972E8 /* Debug */ = {
			isa = XCBuildConfiguration;
			buildSettings = {
				ALWAYS_SEARCH_USER_PATHS = NO;
				CLANG_ANALYZER_NONNULL = YES;
				CLANG_ANALYZER_NUMBER_OBJECT_CONVERSION = YES_AGGRESSIVE;
				CLANG_CXX_LANGUAGE_STANDARD = "gnu++0x";
				CLANG_CXX_LIBRARY = "libc++";
				CLANG_ENABLE_MODULES = YES;
				CLANG_ENABLE_OBJC_ARC = YES;
				CLANG_WARN_BOOL_CONVERSION = YES;
				CLANG_WARN_CONSTANT_CONVERSION = YES;
				CLANG_WARN_DIRECT_OBJC_ISA_USAGE = YES_ERROR;
				CLANG_WARN_DOCUMENTATION_COMMENTS = YES;
				CLANG_WARN_EMPTY_BODY = YES;
				CLANG_WARN_ENUM_CONVERSION = YES;
				CLANG_WARN_INFINITE_RECURSION = YES;
				CLANG_WARN_INT_CONVERSION = YES;
				CLANG_WARN_OBJC_ROOT_CLASS = YES_ERROR;
				CLANG_WARN_SUSPICIOUS_MOVE = YES;
				CLANG_WARN_UNREACHABLE_CODE = YES;
				CLANG_WARN__DUPLICATE_METHOD_MATCH = YES;
				"CODE_SIGN_IDENTITY[sdk=iphoneos*]" = "iPhone Developer";
				COPY_PHASE_STRIP = NO;
				DEBUG_INFORMATION_FORMAT = dwarf;
				ENABLE_STRICT_OBJC_MSGSEND = YES;
				ENABLE_TESTABILITY = YES;
				GCC_C_LANGUAGE_STANDARD = gnu99;
				GCC_DYNAMIC_NO_PIC = NO;
				GCC_NO_COMMON_BLOCKS = YES;
				GCC_OPTIMIZATION_LEVEL = 0;
				GCC_PREPROCESSOR_DEFINITIONS = (
					"DEBUG=1",
					"$(inherited)",
				);
				GCC_WARN_64_TO_32_BIT_CONVERSION = YES;
				GCC_WARN_ABOUT_RETURN_TYPE = YES_ERROR;
				GCC_WARN_UNDECLARED_SELECTOR = YES;
				GCC_WARN_UNINITIALIZED_AUTOS = YES_AGGRESSIVE;
				GCC_WARN_UNUSED_FUNCTION = YES;
				GCC_WARN_UNUSED_VARIABLE = YES;
				IPHONEOS_DEPLOYMENT_TARGET = 10.3;
				MTL_ENABLE_DEBUG_INFO = YES;
				ONLY_ACTIVE_ARCH = YES;
				SDKROOT = iphoneos;
				SWIFT_ACTIVE_COMPILATION_CONDITIONS = DEBUG;
				SWIFT_OPTIMIZATION_LEVEL = "-Onone";
				TARGETED_DEVICE_FAMILY = "1,2";
			};
			name = Debug;
		};
		98E847A71E9E18D5001972E8 /* Release */ = {
			isa = XCBuildConfiguration;
			buildSettings = {
				ALWAYS_SEARCH_USER_PATHS = NO;
				CLANG_ANALYZER_NONNULL = YES;
				CLANG_ANALYZER_NUMBER_OBJECT_CONVERSION = YES_AGGRESSIVE;
				CLANG_CXX_LANGUAGE_STANDARD = "gnu++0x";
				CLANG_CXX_LIBRARY = "libc++";
				CLANG_ENABLE_MODULES = YES;
				CLANG_ENABLE_OBJC_ARC = YES;
				CLANG_WARN_BOOL_CONVERSION = YES;
				CLANG_WARN_CONSTANT_CONVERSION = YES;
				CLANG_WARN_DIRECT_OBJC_ISA_USAGE = YES_ERROR;
				CLANG_WARN_DOCUMENTATION_COMMENTS = YES;
				CLANG_WARN_EMPTY_BODY = YES;
				CLANG_WARN_ENUM_CONVERSION = YES;
				CLANG_WARN_INFINITE_RECURSION = YES;
				CLANG_WARN_INT_CONVERSION = YES;
				CLANG_WARN_OBJC_ROOT_CLASS = YES_ERROR;
				CLANG_WARN_SUSPICIOUS_MOVE = YES;
				CLANG_WARN_UNREACHABLE_CODE = YES;
				CLANG_WARN__DUPLICATE_METHOD_MATCH = YES;
				"CODE_SIGN_IDENTITY[sdk=iphoneos*]" = "iPhone Developer";
				COPY_PHASE_STRIP = NO;
				DEBUG_INFORMATION_FORMAT = "dwarf-with-dsym";
				ENABLE_NS_ASSERTIONS = NO;
				ENABLE_STRICT_OBJC_MSGSEND = YES;
				GCC_C_LANGUAGE_STANDARD = gnu99;
				GCC_NO_COMMON_BLOCKS = YES;
				GCC_WARN_64_TO_32_BIT_CONVERSION = YES;
				GCC_WARN_ABOUT_RETURN_TYPE = YES_ERROR;
				GCC_WARN_UNDECLARED_SELECTOR = YES;
				GCC_WARN_UNINITIALIZED_AUTOS = YES_AGGRESSIVE;
				GCC_WARN_UNUSED_FUNCTION = YES;
				GCC_WARN_UNUSED_VARIABLE = YES;
				IPHONEOS_DEPLOYMENT_TARGET = 10.3;
				MTL_ENABLE_DEBUG_INFO = NO;
				SDKROOT = iphoneos;
				SWIFT_OPTIMIZATION_LEVEL = "-Owholemodule";
				TARGETED_DEVICE_FAMILY = "1,2";
				VALIDATE_PRODUCT = YES;
			};
			name = Release;
		};
		98E847A91E9E18D5001972E8 /* Debug */ = {
			isa = XCBuildConfiguration;
			buildSettings = {
				ASSETCATALOG_COMPILER_APPICON_NAME = AppIcon;
				DEVELOPMENT_TEAM = 6P37W573QG;
				INFOPLIST_FILE = SOADemo/Info.plist;
				LD_RUNPATH_SEARCH_PATHS = "$(inherited) @executable_path/Frameworks";
				PRODUCT_BUNDLE_IDENTIFIER = argas.SOADemo;
				PRODUCT_NAME = "$(TARGET_NAME)";
				SWIFT_VERSION = 3.0;
			};
			name = Debug;
		};
		98E847AA1E9E18D5001972E8 /* Release */ = {
			isa = XCBuildConfiguration;
			buildSettings = {
				ASSETCATALOG_COMPILER_APPICON_NAME = AppIcon;
				DEVELOPMENT_TEAM = 6P37W573QG;
				INFOPLIST_FILE = SOADemo/Info.plist;
				LD_RUNPATH_SEARCH_PATHS = "$(inherited) @executable_path/Frameworks";
				PRODUCT_BUNDLE_IDENTIFIER = argas.SOADemo;
				PRODUCT_NAME = "$(TARGET_NAME)";
				SWIFT_VERSION = 3.0;
			};
			name = Release;
		};
/* End XCBuildConfiguration section */

/* Begin XCConfigurationList section */
		98E847911E9E18D5001972E8 /* Build configuration list for PBXProject "SOADemo" */ = {
			isa = XCConfigurationList;
			buildConfigurations = (
				98E847A61E9E18D5001972E8 /* Debug */,
				98E847A71E9E18D5001972E8 /* Release */,
			);
			defaultConfigurationIsVisible = 0;
			defaultConfigurationName = Release;
		};
		98E847A81E9E18D5001972E8 /* Build configuration list for PBXNativeTarget "SOADemo" */ = {
			isa = XCConfigurationList;
			buildConfigurations = (
				98E847A91E9E18D5001972E8 /* Debug */,
				98E847AA1E9E18D5001972E8 /* Release */,
			);
			defaultConfigurationIsVisible = 0;
		};
/* End XCConfigurationList section */
	};
	rootObject = 98E8478E1E9E18D5001972E8 /* Project object */;
}
